{
  "object": {
    "pins": [
      {
        "package": "Bits",
        "repositoryURL": "https://github.com/OperatorFoundation/Bits.git",
        "state": {
          "branch": null,
          "revision": "d6bdf981268cae74ac670b07b27602ac35fee77f",
          "version": "1.0.5"
        }
      },
      {
        "package": "Socket",
        "repositoryURL": "https://github.com/OperatorFoundation/BlueSocket",
        "state": {
          "branch": null,
          "revision": "90212ea8b66787c2d51d03527a04748ba6ee7679",
          "version": "1.1.0"
        }
      },
      {
        "package": "Chord",
        "repositoryURL": "https://github.com/OperatorFoundation/Chord",
        "state": {
          "branch": null,
          "revision": "3d0189b4f6e71441d82c577c0f583fceace47684",
          "version": "0.0.5"
        }
      },
      {
        "package": "Datable",
        "repositoryURL": "https://github.com/OperatorFoundation/Datable.git",
        "state": {
          "branch": null,
          "revision": "1c23f2b72d0d0cf4386fad05f8a5db4b91e8d304",
          "version": "3.0.2"
        }
      },
      {
        "package": "Flower",
        "repositoryURL": "https://github.com/OperatorFoundation/Flower.git",
        "state": {
          "branch": null,
          "revision": "70a2b9f43a9e0409bd17cd8d4fad1448f0e289db",
          "version": "0.1.0"
        }
      },
      {
        "package": "InternetProtocols",
        "repositoryURL": "https://github.com/OperatorFoundation/InternetProtocols.git",
        "state": {
          "branch": null,
          "revision": "07f3ef27293905aa34a3d031a581b4e610bd12b6",
          "version": "1.0.9"
        }
      },
      {
        "package": "NetworkLinux",
        "repositoryURL": "https://github.com/OperatorFoundation/NetworkLinux.git",
        "state": {
          "branch": null,
          "revision": "d176e9fb287c7e574b09f6565e69860194ee8931",
          "version": "0.1.0"
        }
      },
      {
        "package": "Routing",
        "repositoryURL": "https://github.com/OperatorFoundation/Routing.git",
        "state": {
          "branch": null,
          "revision": "15da85db0647a2e373c0678d5da70f1f4e409766",
          "version": "0.0.2"
        }
      },
      {
        "package": "swift-argument-parser",
        "repositoryURL": "https://github.com/apple/swift-argument-parser",
        "state": {
          "branch": null,
          "revision": "92646c0cdbaca076c8d3d0207891785b3379cbff",
          "version": "0.3.1"
        }
      },
      {
        "package": "SwiftHexTools",
        "repositoryURL": "https://github.com/OperatorFoundation/SwiftHexTools",
        "state": {
          "branch": null,
          "revision": "4ce4a4f66eea05c900d447af8c07ecaac720716c",
          "version": "1.2.2"
        }
      },
      {
        "package": "SwiftQueue",
        "repositoryURL": "https://github.com/OperatorFoundation/SwiftQueue",
        "state": {
          "branch": null,
          "revision": "0e5979acbb104516a427bb2bb09debc50ca100b4",
          "version": "0.0.3"
        }
      },
      {
        "package": "Transmission",
        "repositoryURL": "https://github.com/OperatorFoundation/Transmission.git",
        "state": {
          "branch": null,
          "revision": "6bc35ce511e668e0ee77ec3b1ebb4aed0692ceb2",
          "version": "0.1.8"
        }
      },
      {
        "package": "Transport",
        "repositoryURL": "https://github.com/OperatorFoundation/Transport",
        "state": {
          "branch": null,
          "revision": "9013238d5e673330d4be46c7baa6a9ee25d770d6",
          "version": "2.1.5"
        }
      }
    ]
  },
  "version": 1
}
