{
  "object": {
    "pins": [
      {
        "package": "Bits",
        "repositoryURL": "https://github.com/OperatorFoundation/Bits.git",
        "state": {
          "branch": null,
          "revision": "fbd93d6609b2846c3b47f523b860ce4919ff9694",
          "version": "1.1.0"
        }
      },
      {
        "package": "Socket",
        "repositoryURL": "https://github.com/OperatorFoundation/BlueSocket",
        "state": {
          "branch": null,
          "revision": "90212ea8b66787c2d51d03527a04748ba6ee7679",
          "version": "1.1.0"
        }
      },
      {
        "package": "Chord",
        "repositoryURL": "https://github.com/OperatorFoundation/Chord",
        "state": {
          "branch": null,
          "revision": "25e5267c7dde0df1f7bcc285979f6302d46f7101",
          "version": "0.0.12"
        }
      },
      {
        "package": "Datable",
        "repositoryURL": "https://github.com/OperatorFoundation/Datable.git",
        "state": {
          "branch": null,
          "revision": "31b055da961f794f1a2ce01b5521ee650815a9c9",
          "version": "3.0.6"
        }
      },
      {
        "package": "Flower",
        "repositoryURL": "https://github.com/OperatorFoundation/Flower.git",
        "state": {
          "branch": null,
          "revision": "39af634ada5522fd3be9e49c3dc72a9c52d8fd84",
          "version": "0.1.16"
        }
      },
      {
        "package": "InternetProtocols",
        "repositoryURL": "https://github.com/OperatorFoundation/InternetProtocols.git",
        "state": {
          "branch": null,
          "revision": "b4b62dae65e28161f4236356663a32cb3cb40ccf",
          "version": "1.1.3"
        }
      },
      {
        "package": "Routing",
        "repositoryURL": "https://github.com/OperatorFoundation/Routing.git",
        "state": {
          "branch": null,
          "revision": "f2f7d2c710be92efb6e1282196d5edb0cdb002e1",
          "version": "0.0.8"
        }
      },
      {
        "package": "swift-argument-parser",
        "repositoryURL": "https://github.com/apple/swift-argument-parser",
        "state": {
          "branch": null,
          "revision": "83b23d940471b313427da226196661856f6ba3e0",
          "version": "0.4.4"
        }
      },
      {
        "package": "swift-log",
        "repositoryURL": "https://github.com/apple/swift-log",
        "state": {
          "branch": null,
          "revision": "5d66f7ba25daf4f94100e7022febf3c75e37a6c7",
          "version": "1.4.2"
        }
      },
      {
        "package": "SwiftQueue",
        "repositoryURL": "https://github.com/OperatorFoundation/SwiftQueue",
        "state": {
          "branch": null,
          "revision": "eaa39c586fddb49ad1e0e8b5b3e9b0aaf0b3be82",
          "version": "0.1.0"
        }
      },
      {
        "package": "TransmissionLinux",
        "repositoryURL": "https://github.com/OperatorFoundation/TransmissionLinux.git",
        "state": {
          "branch": null,
          "revision": "c4bf79cc482d7f040737fc4556cf6ad857f6f3af",
          "version": "0.3.3"
        }
      },
      {
        "package": "Transport",
        "repositoryURL": "https://github.com/OperatorFoundation/Transport",
        "state": {
          "branch": null,
          "revision": "b5ac00eac45a2e57923540c1fd80c734fe160ffe",
          "version": "2.3.5"
        }
      }
    ]
  },
  "version": 1
}
